PATH
  remote: ../lazuli
  specs:
    lazuli (0.1.0)
      rack
      sqlite3

GEM
  remote: https://rubygems.org/
  specs:
    nio4r (2.7.5)
    puma (7.1.0)
      nio4r (~> 2.0)
    rack (3.2.4)
    rackup (2.3.1)
      rack (>= 3)
    sqlite3 (2.8.1-arm64-darwin)
    sqlite3 (2.8.1-x86_64-linux-gnu)

PLATFORMS
  arm64-darwin-25
  x86_64-linux

DEPENDENCIES
  lazuli!
  puma
  rackup
  sqlite3

BUNDLED WITH
   2.4.19
